
Microsoft Visual Studio Solution File, Format Version 12.00
# Visual Studio Version 16
VisualStudioVersion = 16.0.29926.136
MinimumVisualStudioVersion = 10.0.40219.1
Project("{8BC9CEB8-8B4A-11D0-8D11-00A0C91BC942}") = "FiveChessKeyboard", "FiveChessKeyboard.vcxproj", "{9651E0F7-293E-4B72-9C63-D5A8B79604B6}"
EndProject
Global
	GlobalSection(SolutionConfigurationPlatforms) = preSolution
		Debug|x64 = Debug|x64
		Debug|x86 = Debug|x86
		Release|x64 = Release|x64
		Release|x86 = Release|x86
	EndGlobalSection
	GlobalSection(ProjectConfigurationPlatforms) = postSolution
		{9651E0F7-293E-4B72-9C63-D5A8B79604B6}.Debug|x64.ActiveCfg = Debug|x64
		{9651E0F7-293E-4B72-9C63-D5A8B79604B6}.Debug|x64.Build.0 = Debug|x64
		{9651E0F7-293E-4B72-9C63-D5A8B79604B6}.Debug|x86.ActiveCfg = Debug|Win32
		{9651E0F7-293E-4B72-9C63-D5A8B79604B6}.Debug|x86.Build.0 = Debug|Win32
		{9651E0F7-293E-4B72-9C63-D5A8B79604B6}.Release|x64.ActiveCfg = Release|x64
		{9651E0F7-293E-4B72-9C63-D5A8B79604B6}.Release|x64.Build.0 = Release|x64
		{9651E0F7-293E-4B72-9C63-D5A8B79604B6}.Release|x86.ActiveCfg = Release|Win32
		{9651E0F7-293E-4B72-9C63-D5A8B79604B6}.Release|x86.Build.0 = Release|Win32
	EndGlobalSection
	GlobalSection(SolutionProperties) = preSolution
		HideSolutionNode = FALSE
	EndGlobalSection
	GlobalSection(ExtensibilityGlobals) = postSolution
		SolutionGuid = {764AF189-01C6-4A25-B99D-24E9512B32D2}
	EndGlobalSection
EndGlobal
